
Microsoft Visual Studio Solution File, Format Version 12.00
# Visual Studio Version 17
VisualStudioVersion = 17.10.35013.160
MinimumVisualStudioVersion = 10.0.40219.1
Project("{2150E333-8FDC-42A3-9474-1A3956D46DE8}") = "Solution Items", "Solution Items", "{E9FF2557-93C9-4F43-9229-7603E4FDD3FA}"
	ProjectSection(SolutionItems) = preProject
		.gitattributes = .gitattributes
		.gitignore = .gitignore
		LICENSE.txt = LICENSE.txt
		README.md = README.md
	EndProjectSection
EndProject
Project("{2150E333-8FDC-42A3-9474-1A3956D46DE8}") = "ApiGateways", "ApiGateways", "{248A524C-17DD-41BC-9D67-081F9482A9A2}"
EndProject
Project("{2150E333-8FDC-42A3-9474-1A3956D46DE8}") = "BuildingBlocks", "BuildingBlocks", "{6B1DC932-B859-4452-9112-1DAB3EA15EBB}"
EndProject
Project("{2150E333-8FDC-42A3-9474-1A3956D46DE8}") = "Services", "Services", "{35DC445C-4997-47ED-BB25-4A7CC7A01594}"
EndProject
Project("{2150E333-8FDC-42A3-9474-1A3956D46DE8}") = "WebApps", "WebApps", "{A01FFFD6-99F8-42AD-80FD-B947AB9E07E5}"
EndProject
Project("{2150E333-8FDC-42A3-9474-1A3956D46DE8}") = "Catalog", "Catalog", "{329E161E-9C7D-46C6-84A8-CCD3ED68F86A}"
EndProject
Project("{FAE04EC0-301F-11D3-BF4B-00C04F79EFBC}") = "Catalog.API", "Catalog.API\Catalog.API.csproj", "{0B9D2F15-8FDB-4B70-9764-2143076B7FFF}"
EndProject
Global
	GlobalSection(SolutionConfigurationPlatforms) = preSolution
		Debug|Any CPU = Debug|Any CPU
		Release|Any CPU = Release|Any CPU
	EndGlobalSection
	GlobalSection(ProjectConfigurationPlatforms) = postSolution
		{0B9D2F15-8FDB-4B70-9764-2143076B7FFF}.Debug|Any CPU.ActiveCfg = Debug|Any CPU
		{0B9D2F15-8FDB-4B70-9764-2143076B7FFF}.Debug|Any CPU.Build.0 = Debug|Any CPU
		{0B9D2F15-8FDB-4B70-9764-2143076B7FFF}.Release|Any CPU.ActiveCfg = Release|Any CPU
		{0B9D2F15-8FDB-4B70-9764-2143076B7FFF}.Release|Any CPU.Build.0 = Release|Any CPU
	EndGlobalSection
	GlobalSection(SolutionProperties) = preSolution
		HideSolutionNode = FALSE
	EndGlobalSection
	GlobalSection(NestedProjects) = preSolution
		{329E161E-9C7D-46C6-84A8-CCD3ED68F86A} = {35DC445C-4997-47ED-BB25-4A7CC7A01594}
		{0B9D2F15-8FDB-4B70-9764-2143076B7FFF} = {329E161E-9C7D-46C6-84A8-CCD3ED68F86A}
	EndGlobalSection
	GlobalSection(ExtensibilityGlobals) = postSolution
		SolutionGuid = {48A6F715-DCC1-483D-858E-14C23BE1043D}
	EndGlobalSection
EndGlobal
