
Microsoft Visual Studio Solution File, Format Version 12.00
# Visual Studio Version 17
VisualStudioVersion = 17.10.35013.160
MinimumVisualStudioVersion = 10.0.40219.1
Project("{2150E333-8FDC-42A3-9474-1A3956D46DE8}") = "Solution Items", "Solution Items", "{E9FF2557-93C9-4F43-9229-7603E4FDD3FA}"
	ProjectSection(SolutionItems) = preProject
		.gitattributes = .gitattributes
		.gitignore = .gitignore
		LICENSE.txt = LICENSE.txt
		README.md = README.md
	EndProjectSection
EndProject
Project("{2150E333-8FDC-42A3-9474-1A3956D46DE8}") = "ApiGateways", "ApiGateways", "{248A524C-17DD-41BC-9D67-081F9482A9A2}"
EndProject
Project("{2150E333-8FDC-42A3-9474-1A3956D46DE8}") = "BuildingBlocks", "BuildingBlocks", "{6B1DC932-B859-4452-9112-1DAB3EA15EBB}"
EndProject
Project("{2150E333-8FDC-42A3-9474-1A3956D46DE8}") = "Services", "Services", "{35DC445C-4997-47ED-BB25-4A7CC7A01594}"
EndProject
Project("{2150E333-8FDC-42A3-9474-1A3956D46DE8}") = "WebApps", "WebApps", "{A01FFFD6-99F8-42AD-80FD-B947AB9E07E5}"
EndProject
Project("{2150E333-8FDC-42A3-9474-1A3956D46DE8}") = "Catalog", "Catalog", "{329E161E-9C7D-46C6-84A8-CCD3ED68F86A}"
EndProject
Project("{9A19103F-16F7-4668-BE54-9A1E7A4F7556}") = "Catalog.API", "Catalog.API\Catalog.API.csproj", "{0B9D2F15-8FDB-4B70-9764-2143076B7FFF}"
EndProject
Project("{9A19103F-16F7-4668-BE54-9A1E7A4F7556}") = "BuildingBlocks", "BuildingBlocks\BuildingBlocks.csproj", "{40DD0291-668C-49B3-B59F-0B0FB862F516}"
EndProject
Project("{E53339B2-1760-4266-BCC7-CA923CBCF16C}") = "docker-compose", "docker-compose.dcproj", "{F8E5E567-2FCF-4FA0-A529-6AB835604B39}"
EndProject
Project("{2150E333-8FDC-42A3-9474-1A3956D46DE8}") = "Basket", "Basket", "{34DB1DBF-A29B-47B2-AF0F-50BCF50F0A15}"
EndProject
Project("{9A19103F-16F7-4668-BE54-9A1E7A4F7556}") = "Basket.API", "Basket.API\Basket.API.csproj", "{D31BFEE3-4F38-4A3C-B9CF-A5C1F2CFFC4B}"
EndProject
Project("{2150E333-8FDC-42A3-9474-1A3956D46DE8}") = "Discount", "Discount", "{9E39AE59-D43A-4AF9-A8A6-B6C83EBC5DD1}"
EndProject
Project("{9A19103F-16F7-4668-BE54-9A1E7A4F7556}") = "Discount.Grpc", "Discount.Grpc\Discount.Grpc.csproj", "{81EFC2AA-8B0C-4DB9-84F5-B90B1B1DC38D}"
EndProject
Project("{2150E333-8FDC-42A3-9474-1A3956D46DE8}") = "Ordering", "Ordering", "{2A12B2E0-1E87-426B-A970-290996E6EEB8}"
EndProject
Project("{9A19103F-16F7-4668-BE54-9A1E7A4F7556}") = "Ordering.API", "Ordering.API\Ordering.API.csproj", "{B5B42BE5-7553-4F49-8BFC-A7B3CC4FA1AF}"
EndProject
Project("{9A19103F-16F7-4668-BE54-9A1E7A4F7556}") = "Ordering.Domain", "Ordering.Domain\Ordering.Domain.csproj", "{7940EF9A-627F-4095-BDD7-D8E6D828E1B5}"
EndProject
Project("{9A19103F-16F7-4668-BE54-9A1E7A4F7556}") = "Ordering.Application", "Ordering.Application\Ordering.Application.csproj", "{4C7BE853-7F55-4E0B-AFFB-98D465405CC2}"
EndProject
Project("{9A19103F-16F7-4668-BE54-9A1E7A4F7556}") = "Ordering.Infrastructure", "Ordering.Infrastructure\Ordering.Infrastructure.csproj", "{239F59F0-8B4E-47CD-A41D-7D6B6DABD860}"
EndProject
Project("{FAE04EC0-301F-11D3-BF4B-00C04F79EFBC}") = "BuildingBlocks.Messaging", "BuildingBlocks.Messaging\BuildingBlocks.Messaging.csproj", "{37C45392-1CC0-497C-8405-4685710BFFC8}"
EndProject
Global
	GlobalSection(SolutionConfigurationPlatforms) = preSolution
		Debug|Any CPU = Debug|Any CPU
		Release|Any CPU = Release|Any CPU
	EndGlobalSection
	GlobalSection(ProjectConfigurationPlatforms) = postSolution
		{0B9D2F15-8FDB-4B70-9764-2143076B7FFF}.Debug|Any CPU.ActiveCfg = Debug|Any CPU
		{0B9D2F15-8FDB-4B70-9764-2143076B7FFF}.Debug|Any CPU.Build.0 = Debug|Any CPU
		{0B9D2F15-8FDB-4B70-9764-2143076B7FFF}.Release|Any CPU.ActiveCfg = Release|Any CPU
		{0B9D2F15-8FDB-4B70-9764-2143076B7FFF}.Release|Any CPU.Build.0 = Release|Any CPU
		{40DD0291-668C-49B3-B59F-0B0FB862F516}.Debug|Any CPU.ActiveCfg = Debug|Any CPU
		{40DD0291-668C-49B3-B59F-0B0FB862F516}.Debug|Any CPU.Build.0 = Debug|Any CPU
		{40DD0291-668C-49B3-B59F-0B0FB862F516}.Release|Any CPU.ActiveCfg = Release|Any CPU
		{40DD0291-668C-49B3-B59F-0B0FB862F516}.Release|Any CPU.Build.0 = Release|Any CPU
		{F8E5E567-2FCF-4FA0-A529-6AB835604B39}.Debug|Any CPU.ActiveCfg = Debug|Any CPU
		{F8E5E567-2FCF-4FA0-A529-6AB835604B39}.Debug|Any CPU.Build.0 = Debug|Any CPU
		{F8E5E567-2FCF-4FA0-A529-6AB835604B39}.Release|Any CPU.ActiveCfg = Release|Any CPU
		{F8E5E567-2FCF-4FA0-A529-6AB835604B39}.Release|Any CPU.Build.0 = Release|Any CPU
		{D31BFEE3-4F38-4A3C-B9CF-A5C1F2CFFC4B}.Debug|Any CPU.ActiveCfg = Debug|Any CPU
		{D31BFEE3-4F38-4A3C-B9CF-A5C1F2CFFC4B}.Debug|Any CPU.Build.0 = Debug|Any CPU
		{D31BFEE3-4F38-4A3C-B9CF-A5C1F2CFFC4B}.Release|Any CPU.ActiveCfg = Release|Any CPU
		{D31BFEE3-4F38-4A3C-B9CF-A5C1F2CFFC4B}.Release|Any CPU.Build.0 = Release|Any CPU
		{81EFC2AA-8B0C-4DB9-84F5-B90B1B1DC38D}.Debug|Any CPU.ActiveCfg = Debug|Any CPU
		{81EFC2AA-8B0C-4DB9-84F5-B90B1B1DC38D}.Debug|Any CPU.Build.0 = Debug|Any CPU
		{81EFC2AA-8B0C-4DB9-84F5-B90B1B1DC38D}.Release|Any CPU.ActiveCfg = Release|Any CPU
		{81EFC2AA-8B0C-4DB9-84F5-B90B1B1DC38D}.Release|Any CPU.Build.0 = Release|Any CPU
		{B5B42BE5-7553-4F49-8BFC-A7B3CC4FA1AF}.Debug|Any CPU.ActiveCfg = Debug|Any CPU
		{B5B42BE5-7553-4F49-8BFC-A7B3CC4FA1AF}.Debug|Any CPU.Build.0 = Debug|Any CPU
		{B5B42BE5-7553-4F49-8BFC-A7B3CC4FA1AF}.Release|Any CPU.ActiveCfg = Release|Any CPU
		{B5B42BE5-7553-4F49-8BFC-A7B3CC4FA1AF}.Release|Any CPU.Build.0 = Release|Any CPU
		{7940EF9A-627F-4095-BDD7-D8E6D828E1B5}.Debug|Any CPU.ActiveCfg = Debug|Any CPU
		{7940EF9A-627F-4095-BDD7-D8E6D828E1B5}.Debug|Any CPU.Build.0 = Debug|Any CPU
		{7940EF9A-627F-4095-BDD7-D8E6D828E1B5}.Release|Any CPU.ActiveCfg = Release|Any CPU
		{7940EF9A-627F-4095-BDD7-D8E6D828E1B5}.Release|Any CPU.Build.0 = Release|Any CPU
		{4C7BE853-7F55-4E0B-AFFB-98D465405CC2}.Debug|Any CPU.ActiveCfg = Debug|Any CPU
		{4C7BE853-7F55-4E0B-AFFB-98D465405CC2}.Debug|Any CPU.Build.0 = Debug|Any CPU
		{4C7BE853-7F55-4E0B-AFFB-98D465405CC2}.Release|Any CPU.ActiveCfg = Release|Any CPU
		{4C7BE853-7F55-4E0B-AFFB-98D465405CC2}.Release|Any CPU.Build.0 = Release|Any CPU
		{239F59F0-8B4E-47CD-A41D-7D6B6DABD860}.Debug|Any CPU.ActiveCfg = Debug|Any CPU
		{239F59F0-8B4E-47CD-A41D-7D6B6DABD860}.Debug|Any CPU.Build.0 = Debug|Any CPU
		{239F59F0-8B4E-47CD-A41D-7D6B6DABD860}.Release|Any CPU.ActiveCfg = Release|Any CPU
		{239F59F0-8B4E-47CD-A41D-7D6B6DABD860}.Release|Any CPU.Build.0 = Release|Any CPU
		{37C45392-1CC0-497C-8405-4685710BFFC8}.Debug|Any CPU.ActiveCfg = Debug|Any CPU
		{37C45392-1CC0-497C-8405-4685710BFFC8}.Debug|Any CPU.Build.0 = Debug|Any CPU
		{37C45392-1CC0-497C-8405-4685710BFFC8}.Release|Any CPU.ActiveCfg = Release|Any CPU
		{37C45392-1CC0-497C-8405-4685710BFFC8}.Release|Any CPU.Build.0 = Release|Any CPU
	EndGlobalSection
	GlobalSection(SolutionProperties) = preSolution
		HideSolutionNode = FALSE
	EndGlobalSection
	GlobalSection(NestedProjects) = preSolution
		{329E161E-9C7D-46C6-84A8-CCD3ED68F86A} = {35DC445C-4997-47ED-BB25-4A7CC7A01594}
		{0B9D2F15-8FDB-4B70-9764-2143076B7FFF} = {329E161E-9C7D-46C6-84A8-CCD3ED68F86A}
		{40DD0291-668C-49B3-B59F-0B0FB862F516} = {6B1DC932-B859-4452-9112-1DAB3EA15EBB}
		{34DB1DBF-A29B-47B2-AF0F-50BCF50F0A15} = {35DC445C-4997-47ED-BB25-4A7CC7A01594}
		{D31BFEE3-4F38-4A3C-B9CF-A5C1F2CFFC4B} = {34DB1DBF-A29B-47B2-AF0F-50BCF50F0A15}
		{9E39AE59-D43A-4AF9-A8A6-B6C83EBC5DD1} = {35DC445C-4997-47ED-BB25-4A7CC7A01594}
		{81EFC2AA-8B0C-4DB9-84F5-B90B1B1DC38D} = {9E39AE59-D43A-4AF9-A8A6-B6C83EBC5DD1}
		{2A12B2E0-1E87-426B-A970-290996E6EEB8} = {35DC445C-4997-47ED-BB25-4A7CC7A01594}
		{B5B42BE5-7553-4F49-8BFC-A7B3CC4FA1AF} = {2A12B2E0-1E87-426B-A970-290996E6EEB8}
		{7940EF9A-627F-4095-BDD7-D8E6D828E1B5} = {2A12B2E0-1E87-426B-A970-290996E6EEB8}
		{4C7BE853-7F55-4E0B-AFFB-98D465405CC2} = {2A12B2E0-1E87-426B-A970-290996E6EEB8}
		{239F59F0-8B4E-47CD-A41D-7D6B6DABD860} = {2A12B2E0-1E87-426B-A970-290996E6EEB8}
		{37C45392-1CC0-497C-8405-4685710BFFC8} = {6B1DC932-B859-4452-9112-1DAB3EA15EBB}
	EndGlobalSection
	GlobalSection(ExtensibilityGlobals) = postSolution
		SolutionGuid = {48A6F715-DCC1-483D-858E-14C23BE1043D}
	EndGlobalSection
EndGlobal
